
Microsoft Visual Studio Solution File, Format Version 12.00
# Visual Studio Version 16
VisualStudioVersion = 16.0.31205.134
MinimumVisualStudioVersion = 10.0.40219.1
Project("{FAE04EC0-301F-11D3-BF4B-00C04F79EFBC}") = "Integrate.Interview.Backend", "Integrate.Interview.Backend\Integrate.Interview.Backend.csproj", "{24BEB609-A900-4786-83E9-BD11AE10A285}"
EndProject
Global
	GlobalSection(SolutionConfigurationPlatforms) = preSolution
		Debug|Any CPU = Debug|Any CPU
		Release|Any CPU = Release|Any CPU
	EndGlobalSection
	GlobalSection(ProjectConfigurationPlatforms) = postSolution
		{24BEB609-A900-4786-83E9-BD11AE10A285}.Debug|Any CPU.ActiveCfg = Debug|Any CPU
		{24BEB609-A900-4786-83E9-BD11AE10A285}.Debug|Any CPU.Build.0 = Debug|Any CPU
		{24BEB609-A900-4786-83E9-BD11AE10A285}.Release|Any CPU.ActiveCfg = Release|Any CPU
		{24BEB609-A900-4786-83E9-BD11AE10A285}.Release|Any CPU.Build.0 = Release|Any CPU
	EndGlobalSection
	GlobalSection(SolutionProperties) = preSolution
		HideSolutionNode = FALSE
	EndGlobalSection
	GlobalSection(ExtensibilityGlobals) = postSolution
		SolutionGuid = {491EB3B0-FA74-44B6-B924-04DD5BAF849D}
	EndGlobalSection
EndGlobal
